
Microsoft Visual Studio Solution File, Format Version 12.00
# Visual Studio Version 17
VisualStudioVersion = 17.2.32526.322
MinimumVisualStudioVersion = 10.0.40219.1
Project("{FAE04EC0-301F-11D3-BF4B-00C04F79EFBC}") = "Calcuraiz", "Calcuraiz\Calcuraiz.csproj", "{206F81FD-4E65-4F29-807A-0ED5FA1465CD}"
EndProject
Global
	GlobalSection(SolutionConfigurationPlatforms) = preSolution
		Debug|Any CPU = Debug|Any CPU
		Release|Any CPU = Release|Any CPU
	EndGlobalSection
	GlobalSection(ProjectConfigurationPlatforms) = postSolution
		{206F81FD-4E65-4F29-807A-0ED5FA1465CD}.Debug|Any CPU.ActiveCfg = Debug|Any CPU
		{206F81FD-4E65-4F29-807A-0ED5FA1465CD}.Debug|Any CPU.Build.0 = Debug|Any CPU
		{206F81FD-4E65-4F29-807A-0ED5FA1465CD}.Release|Any CPU.ActiveCfg = Release|Any CPU
		{206F81FD-4E65-4F29-807A-0ED5FA1465CD}.Release|Any CPU.Build.0 = Release|Any CPU
	EndGlobalSection
	GlobalSection(SolutionProperties) = preSolution
		HideSolutionNode = FALSE
	EndGlobalSection
	GlobalSection(ExtensibilityGlobals) = postSolution
		SolutionGuid = {34B93ECB-E6AC-4252-BEAB-F5A19DA69FD5}
	EndGlobalSection
EndGlobal
